{
  "name": "@freda46/freed-id",
  "version": "1.0.0",
  "lockfileVersion": 3,
  "requires": true,
  "packages": {
    "": {
      "name": "@freda46/freed-id",
      "version": "1.0.0",
      "license": "ISC",
      "dependencies": {
        "freed-id": "^1.0.0"
      },
      "devDependencies": {}
    },
    "node_modules/freed-id": {
      "version": "1.0.0",
      "resolved": "https://registry.npmjs.org/freed-id/-/freed-id-1.0.0.tgz",
      "integrity": "sha512-DBO7SGzs4KSnP/fND70hFJEvhkYN93xUuXloEQ+SzhB52HT+OlBB8jYb6wL1lvrD/iDmfgZ+L/ghjuh2jiTNKA=="
    }
  }
}
